
Microsoft Visual Studio Solution File, Format Version 12.00
# Visual Studio Version 16
VisualStudioVersion = 16.0.28803.352
MinimumVisualStudioVersion = 10.0.40219.1
Project("{9A19103F-16F7-4668-BE54-9A1E7A4F7556}") = "AvaloniaPictureViewer", "AvaloniaPictureViewer.csproj", "{75319736-645A-46B7-8F56-6FDAF9BEA00B}"
EndProject
Global
	GlobalSection(SolutionConfigurationPlatforms) = preSolution
		Debug|Any CPU = Debug|Any CPU
		Release|Any CPU = Release|Any CPU
	EndGlobalSection
	GlobalSection(ProjectConfigurationPlatforms) = postSolution
		{75319736-645A-46B7-8F56-6FDAF9BEA00B}.Debug|Any CPU.ActiveCfg = Debug|Any CPU
		{75319736-645A-46B7-8F56-6FDAF9BEA00B}.Debug|Any CPU.Build.0 = Debug|Any CPU
		{75319736-645A-46B7-8F56-6FDAF9BEA00B}.Release|Any CPU.ActiveCfg = Release|Any CPU
		{75319736-645A-46B7-8F56-6FDAF9BEA00B}.Release|Any CPU.Build.0 = Release|Any CPU
	EndGlobalSection
	GlobalSection(SolutionProperties) = preSolution
		HideSolutionNode = FALSE
	EndGlobalSection
	GlobalSection(ExtensibilityGlobals) = postSolution
		SolutionGuid = {048A6ECE-BC92-4FEF-BC6B-7CEEFB059D1C}
	EndGlobalSection
EndGlobal
